// !$*UTF8*$!
{
	archiveVersion = 1;
	classes = {
	};
	objectVersion = 46;
	objects = {

/* Begin PBXBuildFile section */
		D8474CEE1F6780680096FF95 /* BullsEye.html in Resources */ = {isa = PBXBuildFile; fileRef = D8474CED1F6780680096FF95 /* BullsEye.html */; };
		D8474CF01F67825E0096FF95 /* Default-568h@2x.png in Resources */ = {isa = PBXBuildFile; fileRef = D8474CEF1F67825E0096FF95 /* Default-568h@2x.png */; };
		D87B7F3A1F6633400097AFE3 /* AboutViewController.swift in Sources */ = {isa = PBXBuildFile; fileRef = D87B7F391F6633400097AFE3 /* AboutViewController.swift */; };
		D88B4BAE1F659C1500B1A9F4 /* AppDelegate.swift in Sources */ = {isa = PBXBuildFile; fileRef = D88B4BAD1F659C1500B1A9F4 /* AppDelegate.swift */; };
		D88B4BB01F659C1500B1A9F4 /* ViewController.swift in Sources */ = {isa = PBXBuildFile; fileRef = D88B4BAF1F659C1500B1A9F4 /* ViewController.swift */; };
		D88B4BB31F659C1500B1A9F4 /* Main.storyboard in Resources */ = {isa = PBXBuildFile; fileRef = D88B4BB11F659C1500B1A9F4 /* Main.storyboard */; };
		D88B4BB51F659C1500B1A9F4 /* Assets.xcassets in Resources */ = {isa = PBXBuildFile; fileRef = D88B4BB41F659C1500B1A9F4 /* Assets.xcassets */; };
/* End PBXBuildFile section */

/* Begin PBXFileReference section */
		D8474CED1F6780680096FF95 /* BullsEye.html */ = {isa = PBXFileReference; fileEncoding = 4; lastKnownFileType = text.html; name = BullsEye.html; path = "../../../Udemy Projects/iOS_Apprentice_All_Books_v5.0/The iOS Apprentice 1 - Getting Started 3/Resources/BullsEye.html"; sourceTree = "<group>"; };
		D8474CEF1F67825E0096FF95 /* Default-568h@2x.png */ = {isa = PBXFileReference; lastKnownFileType = image.png; name = "Default-568h@2x.png"; path = "../../../Udemy Projects/iOS_Apprentice_All_Books_v5.0/The iOS Apprentice 1 - Getting Started 3/Resources/Launch Images/Default-568h@2x.png"; sourceTree = "<group>"; };
		D87B7F391F6633400097AFE3 /* AboutViewController.swift */ = {isa = PBXFileReference; fileEncoding = 4; lastKnownFileType = sourcecode.swift; path = AboutViewController.swift; sourceTree = "<group>"; };
		D88B4BAA1F659C1500B1A9F4 /* BullsEye.app */ = {isa = PBXFileReference; explicitFileType = wrapper.application; includeInIndex = 0; path = BullsEye.app; sourceTree = BUILT_PRODUCTS_DIR; };
		D88B4BAD1F659C1500B1A9F4 /* AppDelegate.swift */ = {isa = PBXFileReference; lastKnownFileType = sourcecode.swift; path = AppDelegate.swift; sourceTree = "<group>"; };
		D88B4BAF1F659C1500B1A9F4 /* ViewController.swift */ = {isa = PBXFileReference; lastKnownFileType = sourcecode.swift; path = ViewController.swift; sourceTree = "<group>"; };
		D88B4BB21F659C1500B1A9F4 /* Base */ = {isa = PBXFileReference; lastKnownFileType = file.storyboard; name = Base; path = Base.lproj/Main.storyboard; sourceTree = "<group>"; };
		D88B4BB41F659C1500B1A9F4 /* Assets.xcassets */ = {isa = PBXFileReference; lastKnownFileType = folder.assetcatalog; path = Assets.xcassets; sourceTree = "<group>"; };
		D88B4BB91F659C1500B1A9F4 /* Info.plist */ = {isa = PBXFileReference; lastKnownFileType = text.plist.xml; path = Info.plist; sourceTree = "<group>"; };
/* End PBXFileReference section */

/* Begin PBXFrameworksBuildPhase section */
		D88B4BA71F659C1500B1A9F4 /* Frameworks */ = {
			isa = PBXFrameworksBuildPhase;
			buildActionMask = 2147483647;
			files = (
			);
			runOnlyForDeploymentPostprocessing = 0;
		};
/* End PBXFrameworksBuildPhase section */

/* Begin PBXGroup section */
		D88B4BA11F659C1500B1A9F4 = {
			isa = PBXGroup;
			children = (
				D88B4BAC1F659C1500B1A9F4 /* BullsEye */,
				D88B4BAB1F659C1500B1A9F4 /* Products */,
			);
			indentWidth = 3;
			sourceTree = "<group>";
			tabWidth = 3;
			usesTabs = 1;
			wrapsLines = 0;
		};
		D88B4BAB1F659C1500B1A9F4 /* Products */ = {
			isa = PBXGroup;
			children = (
				D88B4BAA1F659C1500B1A9F4 /* BullsEye.app */,
			);
			name = Products;
			sourceTree = "<group>";
		};
		D88B4BAC1F659C1500B1A9F4 /* BullsEye */ = {
			isa = PBXGroup;
			children = (
				D8474CEF1F67825E0096FF95 /* Default-568h@2x.png */,
				D8474CED1F6780680096FF95 /* BullsEye.html */,
				D88B4BAD1F659C1500B1A9F4 /* AppDelegate.swift */,
				D88B4BAF1F659C1500B1A9F4 /* ViewController.swift */,
				D87B7F391F6633400097AFE3 /* AboutViewController.swift */,
				D88B4BB11F659C1500B1A9F4 /* Main.storyboard */,
				D88B4BB41F659C1500B1A9F4 /* Assets.xcassets */,
				D88B4BB91F659C1500B1A9F4 /* Info.plist */,
			);
			path = BullsEye;
			sourceTree = "<group>";
			wrapsLines = 0;
		};
/* End PBXGroup section */

/* Begin PBXNativeTarget section */
		D88B4BA91F659C1500B1A9F4 /* BullsEye */ = {
			isa = PBXNativeTarget;
			buildConfigurationList = D88B4BBC1F659C1500B1A9F4 /* Build configuration list for PBXNativeTarget "BullsEye" */;
			buildPhases = (
				D88B4BA61F659C1500B1A9F4 /* Sources */,
				D88B4BA71F659C1500B1A9F4 /* Frameworks */,
				D88B4BA81F659C1500B1A9F4 /* Resources */,
			);
			buildRules = (
			);
			dependencies = (
			);
			name = BullsEye;
			productName = BullsEye;
			productReference = D88B4BAA1F659C1500B1A9F4 /* BullsEye.app */;
			productType = "com.apple.product-type.application";
		};
/* End PBXNativeTarget section */

/* Begin PBXProject section */
		D88B4BA21F659C1500B1A9F4 /* Project object */ = {
			isa = PBXProject;
			attributes = {
				LastSwiftUpdateCheck = 0830;
				LastUpgradeCheck = 0830;
				ORGANIZATIONNAME = "Joe Crescenzi";
				TargetAttributes = {
					D88B4BA91F659C1500B1A9F4 = {
						CreatedOnToolsVersion = 8.3.3;
						DevelopmentTeam = TPZZ58AXV4;
						ProvisioningStyle = Automatic;
					};
				};
			};
			buildConfigurationList = D88B4BA51F659C1500B1A9F4 /* Build configuration list for PBXProject "BullsEye" */;
			compatibilityVersion = "Xcode 3.2";
			developmentRegion = English;
			hasScannedForEncodings = 0;
			knownRegions = (
				en,
				Base,
			);
			mainGroup = D88B4BA11F659C1500B1A9F4;
			productRefGroup = D88B4BAB1F659C1500B1A9F4 /* Products */;
			projectDirPath = "";
			projectRoot = "";
			targets = (
				D88B4BA91F659C1500B1A9F4 /* BullsEye */,
			);
		};
/* End PBXProject section */

/* Begin PBXResourcesBuildPhase section */
		D88B4BA81F659C1500B1A9F4 /* Resources */ = {
			isa = PBXResourcesBuildPhase;
			buildActionMask = 2147483647;
			files = (
				D8474CEE1F6780680096FF95 /* BullsEye.html in Resources */,
				D8474CF01F67825E0096FF95 /* Default-568h@2x.png in Resources */,
				D88B4BB51F659C1500B1A9F4 /* Assets.xcassets in Resources */,
				D88B4BB31F659C1500B1A9F4 /* Main.storyboard in Resources */,
			);
			runOnlyForDeploymentPostprocessing = 0;
		};
/* End PBXResourcesBuildPhase section */

/* Begin PBXSourcesBuildPhase section */
		D88B4BA61F659C1500B1A9F4 /* Sources */ = {
			isa = PBXSourcesBuildPhase;
			buildActionMask = 2147483647;
			files = (
				D87B7F3A1F6633400097AFE3 /* AboutViewController.swift in Sources */,
				D88B4BB01F659C1500B1A9F4 /* ViewController.swift in Sources */,
				D88B4BAE1F659C1500B1A9F4 /* AppDelegate.swift in Sources */,
			);
			runOnlyForDeploymentPostprocessing = 0;
		};
/* End PBXSourcesBuildPhase section */

/* Begin PBXVariantGroup section */
		D88B4BB11F659C1500B1A9F4 /* Main.storyboard */ = {
			isa = PBXVariantGroup;
			children = (
				D88B4BB21F659C1500B1A9F4 /* Base */,
			);
			name = Main.storyboard;
			sourceTree = "<group>";
		};
/* End PBXVariantGroup section */

/* Begin XCBuildConfiguration section */
		D88B4BBA1F659C1500B1A9F4 /* Debug */ = {
			isa = XCBuildConfiguration;
			buildSettings = {
				ALWAYS_SEARCH_USER_PATHS = NO;
				CLANG_ANALYZER_NONNULL = YES;
				CLANG_ANALYZER_NUMBER_OBJECT_CONVERSION = YES_AGGRESSIVE;
				CLANG_CXX_LANGUAGE_STANDARD = "gnu++0x";
				CLANG_CXX_LIBRARY = "libc++";
				CLANG_ENABLE_MODULES = YES;
				CLANG_ENABLE_OBJC_ARC = YES;
				CLANG_WARN_BOOL_CONVERSION = YES;
				CLANG_WARN_CONSTANT_CONVERSION = YES;
				CLANG_WARN_DIRECT_OBJC_ISA_USAGE = YES_ERROR;
				CLANG_WARN_DOCUMENTATION_COMMENTS = YES;
				CLANG_WARN_EMPTY_BODY = YES;
				CLANG_WARN_ENUM_CONVERSION = YES;
				CLANG_WARN_INFINITE_RECURSION = YES;
				CLANG_WARN_INT_CONVERSION = YES;
				CLANG_WARN_OBJC_ROOT_CLASS = YES_ERROR;
				CLANG_WARN_SUSPICIOUS_MOVE = YES;
				CLANG_WARN_UNREACHABLE_CODE = YES;
				CLANG_WARN__DUPLICATE_METHOD_MATCH = YES;
				"CODE_SIGN_IDENTITY[sdk=iphoneos*]" = "iPhone Developer";
				COPY_PHASE_STRIP = NO;
				DEBUG_INFORMATION_FORMAT = dwarf;
				ENABLE_STRICT_OBJC_MSGSEND = YES;
				ENABLE_TESTABILITY = YES;
				GCC_C_LANGUAGE_STANDARD = gnu99;
				GCC_DYNAMIC_NO_PIC = NO;
				GCC_NO_COMMON_BLOCKS = YES;
				GCC_OPTIMIZATION_LEVEL = 0;
				GCC_PREPROCESSOR_DEFINITIONS = (
					"DEBUG=1",
					"$(inherited)",
				);
				GCC_WARN_64_TO_32_BIT_CONVERSION = YES;
				GCC_WARN_ABOUT_RETURN_TYPE = YES_ERROR;
				GCC_WARN_UNDECLARED_SELECTOR = YES;
				GCC_WARN_UNINITIALIZED_AUTOS = YES_AGGRESSIVE;
				GCC_WARN_UNUSED_FUNCTION = YES;
				GCC_WARN_UNUSED_VARIABLE = YES;
				IPHONEOS_DEPLOYMENT_TARGET = 10.3;
				MTL_ENABLE_DEBUG_INFO = YES;
				ONLY_ACTIVE_ARCH = YES;
				SDKROOT = iphoneos;
				SWIFT_ACTIVE_COMPILATION_CONDITIONS = DEBUG;
				SWIFT_OPTIMIZATION_LEVEL = "-Onone";
				TARGETED_DEVICE_FAMILY = "1,2";
			};
			name = Debug;
		};
		D88B4BBB1F659C1500B1A9F4 /* Release */ = {
			isa = XCBuildConfiguration;
			buildSettings = {
				ALWAYS_SEARCH_USER_PATHS = NO;
				CLANG_ANALYZER_NONNULL = YES;
				CLANG_ANALYZER_NUMBER_OBJECT_CONVERSION = YES_AGGRESSIVE;
				CLANG_CXX_LANGUAGE_STANDARD = "gnu++0x";
				CLANG_CXX_LIBRARY = "libc++";
				CLANG_ENABLE_MODULES = YES;
				CLANG_ENABLE_OBJC_ARC = YES;
				CLANG_WARN_BOOL_CONVERSION = YES;
				CLANG_WARN_CONSTANT_CONVERSION = YES;
				CLANG_WARN_DIRECT_OBJC_ISA_USAGE = YES_ERROR;
				CLANG_WARN_DOCUMENTATION_COMMENTS = YES;
				CLANG_WARN_EMPTY_BODY = YES;
				CLANG_WARN_ENUM_CONVERSION = YES;
				CLANG_WARN_INFINITE_RECURSION = YES;
				CLANG_WARN_INT_CONVERSION = YES;
				CLANG_WARN_OBJC_ROOT_CLASS = YES_ERROR;
				CLANG_WARN_SUSPICIOUS_MOVE = YES;
				CLANG_WARN_UNREACHABLE_CODE = YES;
				CLANG_WARN__DUPLICATE_METHOD_MATCH = YES;
				"CODE_SIGN_IDENTITY[sdk=iphoneos*]" = "iPhone Developer";
				COPY_PHASE_STRIP = NO;
				DEBUG_INFORMATION_FORMAT = "dwarf-with-dsym";
				ENABLE_NS_ASSERTIONS = NO;
				ENABLE_STRICT_OBJC_MSGSEND = YES;
				GCC_C_LANGUAGE_STANDARD = gnu99;
				GCC_NO_COMMON_BLOCKS = YES;
				GCC_WARN_64_TO_32_BIT_CONVERSION = YES;
				GCC_WARN_ABOUT_RETURN_TYPE = YES_ERROR;
				GCC_WARN_UNDECLARED_SELECTOR = YES;
				GCC_WARN_UNINITIALIZED_AUTOS = YES_AGGRESSIVE;
				GCC_WARN_UNUSED_FUNCTION = YES;
				GCC_WARN_UNUSED_VARIABLE = YES;
				IPHONEOS_DEPLOYMENT_TARGET = 10.3;
				MTL_ENABLE_DEBUG_INFO = NO;
				SDKROOT = iphoneos;
				SWIFT_OPTIMIZATION_LEVEL = "-Owholemodule";
				TARGETED_DEVICE_FAMILY = "1,2";
				VALIDATE_PRODUCT = YES;
			};
			name = Release;
		};
		D88B4BBD1F659C1500B1A9F4 /* Debug */ = {
			isa = XCBuildConfiguration;
			buildSettings = {
				ASSETCATALOG_COMPILER_APPICON_NAME = AppIcon;
				DEVELOPMENT_TEAM = TPZZ58AXV4;
				INFOPLIST_FILE = BullsEye/Info.plist;
				LD_RUNPATH_SEARCH_PATHS = "$(inherited) @executable_path/Frameworks";
				PRODUCT_BUNDLE_IDENTIFIER = com.couponpages.BullsEye;
				PRODUCT_NAME = "$(TARGET_NAME)";
				SWIFT_VERSION = 3.0;
				TARGETED_DEVICE_FAMILY = 1;
			};
			name = Debug;
		};
		D88B4BBE1F659C1500B1A9F4 /* Release */ = {
			isa = XCBuildConfiguration;
			buildSettings = {
				ASSETCATALOG_COMPILER_APPICON_NAME = AppIcon;
				DEVELOPMENT_TEAM = TPZZ58AXV4;
				INFOPLIST_FILE = BullsEye/Info.plist;
				LD_RUNPATH_SEARCH_PATHS = "$(inherited) @executable_path/Frameworks";
				PRODUCT_BUNDLE_IDENTIFIER = com.couponpages.BullsEye;
				PRODUCT_NAME = "$(TARGET_NAME)";
				SWIFT_VERSION = 3.0;
				TARGETED_DEVICE_FAMILY = 1;
			};
			name = Release;
		};
/* End XCBuildConfiguration section */

/* Begin XCConfigurationList section */
		D88B4BA51F659C1500B1A9F4 /* Build configuration list for PBXProject "BullsEye" */ = {
			isa = XCConfigurationList;
			buildConfigurations = (
				D88B4BBA1F659C1500B1A9F4 /* Debug */,
				D88B4BBB1F659C1500B1A9F4 /* Release */,
			);
			defaultConfigurationIsVisible = 0;
			defaultConfigurationName = Release;
		};
		D88B4BBC1F659C1500B1A9F4 /* Build configuration list for PBXNativeTarget "BullsEye" */ = {
			isa = XCConfigurationList;
			buildConfigurations = (
				D88B4BBD1F659C1500B1A9F4 /* Debug */,
				D88B4BBE1F659C1500B1A9F4 /* Release */,
			);
			defaultConfigurationIsVisible = 0;
			defaultConfigurationName = Release;
		};
/* End XCConfigurationList section */
	};
	rootObject = D88B4BA21F659C1500B1A9F4 /* Project object */;
}
